
Microsoft Visual Studio Solution File, Format Version 12.00
# Visual Studio Version 17
VisualStudioVersion = 17.6.33815.320
MinimumVisualStudioVersion = 10.0.40219.1
Project("{9A19103F-16F7-4668-BE54-9A1E7A4F7556}") = "ECommerce", "ECommerce\ECommerce.csproj", "{24E1C509-8BF9-4CCE-8AD6-9C6FB4B6A06B}"
EndProject
Project("{9A19103F-16F7-4668-BE54-9A1E7A4F7556}") = "ECommerce_WebAPI.UnitTests", "ECommerce.UnitTests\ECommerce_WebAPI.UnitTests.csproj", "{47B6FFAB-EA8D-4B76-8965-997B4B76A723}"
EndProject
Global
	GlobalSection(SolutionConfigurationPlatforms) = preSolution
		Debug|Any CPU = Debug|Any CPU
		Release|Any CPU = Release|Any CPU
	EndGlobalSection
	GlobalSection(ProjectConfigurationPlatforms) = postSolution
		{24E1C509-8BF9-4CCE-8AD6-9C6FB4B6A06B}.Debug|Any CPU.ActiveCfg = Debug|Any CPU
		{24E1C509-8BF9-4CCE-8AD6-9C6FB4B6A06B}.Debug|Any CPU.Build.0 = Debug|Any CPU
		{24E1C509-8BF9-4CCE-8AD6-9C6FB4B6A06B}.Release|Any CPU.ActiveCfg = Release|Any CPU
		{24E1C509-8BF9-4CCE-8AD6-9C6FB4B6A06B}.Release|Any CPU.Build.0 = Release|Any CPU
		{47B6FFAB-EA8D-4B76-8965-997B4B76A723}.Debug|Any CPU.ActiveCfg = Debug|Any CPU
		{47B6FFAB-EA8D-4B76-8965-997B4B76A723}.Debug|Any CPU.Build.0 = Debug|Any CPU
		{47B6FFAB-EA8D-4B76-8965-997B4B76A723}.Release|Any CPU.ActiveCfg = Release|Any CPU
		{47B6FFAB-EA8D-4B76-8965-997B4B76A723}.Release|Any CPU.Build.0 = Release|Any CPU
	EndGlobalSection
	GlobalSection(SolutionProperties) = preSolution
		HideSolutionNode = FALSE
	EndGlobalSection
	GlobalSection(ExtensibilityGlobals) = postSolution
		SolutionGuid = {991100AA-ACB9-4D3A-BC27-A1FB70323D20}
	EndGlobalSection
EndGlobal
